
Microsoft Visual Studio Solution File, Format Version 12.00
# Visual Studio 2013
VisualStudioVersion = 12.0.40629.0
MinimumVisualStudioVersion = 10.0.40219.1
Project("{8BC9CEB8-8B4A-11D0-8D11-00A0C91BC942}") = "bthresher~", "bthresher~\bthresher.vcxproj", "{D7D2B050-0FAC-4326-89AD-C82254541416}"
EndProject
Project("{8BC9CEB8-8B4A-11D0-8D11-00A0C91BC942}") = "burrow~", "burrow~\burrow~.vcxproj", "{CE7B23F9-29E0-4DD8-A2DF-81020994AC46}"
EndProject
Project("{8BC9CEB8-8B4A-11D0-8D11-00A0C91BC942}") = "cavoc~", "cavoc~\cavoc~.vcxproj", "{E0E56369-0270-4D80-AA7B-2FF4E9DACECF}"
EndProject
Project("{8BC9CEB8-8B4A-11D0-8D11-00A0C91BC942}") = "cavoc27~", "cavoc27~\cavoc27~.vcxproj", "{AB855279-C116-4ECF-A73A-575D5D5D4E8D}"
EndProject
Project("{8BC9CEB8-8B4A-11D0-8D11-00A0C91BC942}") = "centerring~", "centerring~\centerring~.vcxproj", "{AB5E4081-0812-4E0D-92D4-E6DF904EA0A3}"
EndProject
Project("{8BC9CEB8-8B4A-11D0-8D11-00A0C91BC942}") = "codepend~", "codepend~\codepend~.vcxproj", "{16B94154-A936-458D-BC1A-99D2108FB0CF}"
EndProject
Project("{8BC9CEB8-8B4A-11D0-8D11-00A0C91BC942}") = "cross~", "cross~\cross~.vcxproj", "{E0E75ACA-6B63-45CF-89A1-81592F23CAA9}"
EndProject
Project("{8BC9CEB8-8B4A-11D0-8D11-00A0C91BC942}") = "dentist~", "dentist~\dentist~.vcxproj", "{6D245EC4-7B3C-4CB8-ABEE-9649F4F9B708}"
EndProject
Project("{8BC9CEB8-8B4A-11D0-8D11-00A0C91BC942}") = "disarrain~", "disarrain~\disarrain~.vcxproj", "{A7F69E7E-86DE-4579-B7B1-3A2866451959}"
EndProject
Project("{2150E333-8FDC-42A3-9474-1A3956D46DE8}") = "Solution Items", "Solution Items", "{FDE30E9E-25ED-462D-817B-28737293CC97}"
EndProject
Project("{8BC9CEB8-8B4A-11D0-8D11-00A0C91BC942}") = "disarray~", "disarray~\disarray~.vcxproj", "{8E80D556-DEA3-41BD-B7FC-1E71E471BFE9}"
EndProject
Project("{8BC9CEB8-8B4A-11D0-8D11-00A0C91BC942}") = "drown~", "drown~\drown~.vcxproj", "{AC76B7FE-5529-4D9B-A60F-1EB31E48F505}"
EndProject
Project("{8BC9CEB8-8B4A-11D0-8D11-00A0C91BC942}") = "enrich~", "enrich~\enrich~.vcxproj", "{CA53C516-6988-4C95-9349-E3882AFC1721}"
EndProject
Project("{8BC9CEB8-8B4A-11D0-8D11-00A0C91BC942}") = "ether~", "ether~\ether~.vcxproj", "{EC048143-4992-4DC0-A7EF-313D6CCB4B76}"
EndProject
Project("{8BC9CEB8-8B4A-11D0-8D11-00A0C91BC942}") = "leaker~", "leaker~\leaker~.vcxproj", "{6B5EC052-6D60-4594-B4E0-7CE76057E279}"
EndProject
Project("{8BC9CEB8-8B4A-11D0-8D11-00A0C91BC942}") = "mindwarp~", "mindwarp~\mindwarp~.vcxproj", "{E13C7762-2601-483E-AF50-948478A78F17}"
EndProject
Project("{8BC9CEB8-8B4A-11D0-8D11-00A0C91BC942}") = "morphine~", "morphine~\morphine~.vcxproj", "{F099DAA5-1509-40EC-B60C-0C501979B7CC}"
EndProject
Project("{8BC9CEB8-8B4A-11D0-8D11-00A0C91BC942}") = "multyq~", "multyq~\multyq~.vcxproj", "{3EFCE715-A535-40C5-93E6-7E9FC471F4F5}"
EndProject
Project("{8BC9CEB8-8B4A-11D0-8D11-00A0C91BC942}") = "pileup~", "pileup~\pileup~.vcxproj", "{2D039A67-5A92-4EF1-90BF-6467A87716EA}"
EndProject
Project("{8BC9CEB8-8B4A-11D0-8D11-00A0C91BC942}") = "pvcompand~", "pvcompand~\pvcompand~.vcxproj", "{24E87135-A5F8-4281-A39D-4BDB415681BB}"
EndProject
Project("{8BC9CEB8-8B4A-11D0-8D11-00A0C91BC942}") = "pvgrain~", "pvgrain~\pvgrain~.vcxproj", "{683F452A-D0BB-4FB7-883C-1166D97A4C31}"
EndProject
Project("{8BC9CEB8-8B4A-11D0-8D11-00A0C91BC942}") = "pvharm~", "pvharm~\pvharm~.vcxproj", "{73EA484A-6170-422F-818F-C2AF07430D4D}"
EndProject
Project("{8BC9CEB8-8B4A-11D0-8D11-00A0C91BC942}") = "pvoc~", "pvoc~\pvoc~.vcxproj", "{F3D81458-B0EC-4332-8C39-38A06E195481}"
EndProject
Project("{8BC9CEB8-8B4A-11D0-8D11-00A0C91BC942}") = "pvtuner~", "pvtuner~\pvtuner~.vcxproj", "{183B26E5-FD02-4D35-ABB9-D7C351CD4CC9}"
EndProject
Project("{8BC9CEB8-8B4A-11D0-8D11-00A0C91BC942}") = "pvwarp~", "pvwarp~\pvwarp~.vcxproj", "{CB50B29A-D3CD-4E84-BF2E-9225D9FA6984}"
EndProject
Project("{8BC9CEB8-8B4A-11D0-8D11-00A0C91BC942}") = "pvwarpb~", "pvwarpb~\pvwarpb~.vcxproj", "{69F34D61-29D6-4C4E-BF1F-21D3DE8C1A0A}"
EndProject
Project("{8BC9CEB8-8B4A-11D0-8D11-00A0C91BC942}") = "reanimator~", "reanimator~\reanimator~.vcxproj", "{55916265-C4B9-4F01-822E-14A17A994851}"
EndProject
Project("{8BC9CEB8-8B4A-11D0-8D11-00A0C91BC942}") = "resent~", "resent~\resent~.vcxproj", "{1F13BCE5-E5CB-4F07-97C5-A10B20C53D40}"
EndProject
Project("{8BC9CEB8-8B4A-11D0-8D11-00A0C91BC942}") = "residency_buffer~", "residency_buffer~\residency_buffer~.vcxproj", "{BF7DFEF6-9386-4A40-9BAA-01FBC26EC255}"
EndProject
Project("{8BC9CEB8-8B4A-11D0-8D11-00A0C91BC942}") = "residency~", "residency~\residency~.vcxproj", "{38BCD058-15B2-462A-BF48-F3169A427DA9}"
EndProject
Project("{8BC9CEB8-8B4A-11D0-8D11-00A0C91BC942}") = "schmear~", "schmear~\schmear~.vcxproj", "{9081D513-2FAD-40B9-9258-79F7AC871642}"
EndProject
Project("{8BC9CEB8-8B4A-11D0-8D11-00A0C91BC942}") = "scrape~", "scrape~\scrape~.vcxproj", "{FEE4AD8F-42C4-4181-9143-C3FAEEDC0C7B}"
EndProject
Project("{8BC9CEB8-8B4A-11D0-8D11-00A0C91BC942}") = "shapee~", "shapee~\shapee~.vcxproj", "{B8E298A3-321F-4AE7-B0F4-3DDEEAC3C654}"
EndProject
Project("{8BC9CEB8-8B4A-11D0-8D11-00A0C91BC942}") = "swinger~", "swinger~\swinger~.vcxproj", "{A2FA326E-9D8E-4F55-AB8F-D9EC4656CE25}"
EndProject
Project("{8BC9CEB8-8B4A-11D0-8D11-00A0C91BC942}") = "taint~", "taint~\taint~.vcxproj", "{93AF5816-5F8B-41D7-AC5F-5FFEDEEE5D81}"
EndProject
Project("{8BC9CEB8-8B4A-11D0-8D11-00A0C91BC942}") = "thresher~", "thresher~\thresher~.vcxproj", "{1F866338-2377-4C88-B459-CD67D51CB8C6}"
EndProject
Project("{8BC9CEB8-8B4A-11D0-8D11-00A0C91BC942}") = "vacancy~", "vacancy~\vacancy~.vcxproj", "{46D1CD20-9258-4966-9121-ED7905868BAE}"
EndProject
Project("{8BC9CEB8-8B4A-11D0-8D11-00A0C91BC942}") = "xsyn~", "xsyn~\xsyn~.vcxproj", "{8FF0391D-5B73-431F-9C3A-9ACEA6BDD1A4}"
EndProject
Global
	GlobalSection(SolutionConfigurationPlatforms) = preSolution
		Debug|Win32 = Debug|Win32
		Debug|x64 = Debug|x64
		Release|Win32 = Release|Win32
		Release|x64 = Release|x64
	EndGlobalSection
	GlobalSection(ProjectConfigurationPlatforms) = postSolution
		{D7D2B050-0FAC-4326-89AD-C82254541416}.Debug|Win32.ActiveCfg = Debug|Win32
		{D7D2B050-0FAC-4326-89AD-C82254541416}.Debug|Win32.Build.0 = Debug|Win32
		{D7D2B050-0FAC-4326-89AD-C82254541416}.Debug|x64.ActiveCfg = Debug|x64
		{D7D2B050-0FAC-4326-89AD-C82254541416}.Debug|x64.Build.0 = Debug|x64
		{D7D2B050-0FAC-4326-89AD-C82254541416}.Release|Win32.ActiveCfg = Release|Win32
		{D7D2B050-0FAC-4326-89AD-C82254541416}.Release|Win32.Build.0 = Release|Win32
		{D7D2B050-0FAC-4326-89AD-C82254541416}.Release|x64.ActiveCfg = Release|x64
		{D7D2B050-0FAC-4326-89AD-C82254541416}.Release|x64.Build.0 = Release|x64
		{CE7B23F9-29E0-4DD8-A2DF-81020994AC46}.Debug|Win32.ActiveCfg = Debug|Win32
		{CE7B23F9-29E0-4DD8-A2DF-81020994AC46}.Debug|Win32.Build.0 = Debug|Win32
		{CE7B23F9-29E0-4DD8-A2DF-81020994AC46}.Debug|x64.ActiveCfg = Debug|x64
		{CE7B23F9-29E0-4DD8-A2DF-81020994AC46}.Debug|x64.Build.0 = Debug|x64
		{CE7B23F9-29E0-4DD8-A2DF-81020994AC46}.Release|Win32.ActiveCfg = Release|Win32
		{CE7B23F9-29E0-4DD8-A2DF-81020994AC46}.Release|Win32.Build.0 = Release|Win32
		{CE7B23F9-29E0-4DD8-A2DF-81020994AC46}.Release|x64.ActiveCfg = Release|x64
		{CE7B23F9-29E0-4DD8-A2DF-81020994AC46}.Release|x64.Build.0 = Release|x64
		{E0E56369-0270-4D80-AA7B-2FF4E9DACECF}.Debug|Win32.ActiveCfg = Debug|Win32
		{E0E56369-0270-4D80-AA7B-2FF4E9DACECF}.Debug|Win32.Build.0 = Debug|Win32
		{E0E56369-0270-4D80-AA7B-2FF4E9DACECF}.Debug|x64.ActiveCfg = Debug|x64
		{E0E56369-0270-4D80-AA7B-2FF4E9DACECF}.Debug|x64.Build.0 = Debug|x64
		{E0E56369-0270-4D80-AA7B-2FF4E9DACECF}.Release|Win32.ActiveCfg = Release|Win32
		{E0E56369-0270-4D80-AA7B-2FF4E9DACECF}.Release|Win32.Build.0 = Release|Win32
		{E0E56369-0270-4D80-AA7B-2FF4E9DACECF}.Release|x64.ActiveCfg = Release|x64
		{E0E56369-0270-4D80-AA7B-2FF4E9DACECF}.Release|x64.Build.0 = Release|x64
		{AB855279-C116-4ECF-A73A-575D5D5D4E8D}.Debug|Win32.ActiveCfg = Debug|Win32
		{AB855279-C116-4ECF-A73A-575D5D5D4E8D}.Debug|Win32.Build.0 = Debug|Win32
		{AB855279-C116-4ECF-A73A-575D5D5D4E8D}.Debug|x64.ActiveCfg = Debug|x64
		{AB855279-C116-4ECF-A73A-575D5D5D4E8D}.Debug|x64.Build.0 = Debug|x64
		{AB855279-C116-4ECF-A73A-575D5D5D4E8D}.Release|Win32.ActiveCfg = Release|Win32
		{AB855279-C116-4ECF-A73A-575D5D5D4E8D}.Release|Win32.Build.0 = Release|Win32
		{AB855279-C116-4ECF-A73A-575D5D5D4E8D}.Release|x64.ActiveCfg = Release|x64
		{AB855279-C116-4ECF-A73A-575D5D5D4E8D}.Release|x64.Build.0 = Release|x64
		{AB5E4081-0812-4E0D-92D4-E6DF904EA0A3}.Debug|Win32.ActiveCfg = Debug|Win32
		{AB5E4081-0812-4E0D-92D4-E6DF904EA0A3}.Debug|Win32.Build.0 = Debug|Win32
		{AB5E4081-0812-4E0D-92D4-E6DF904EA0A3}.Debug|x64.ActiveCfg = Debug|x64
		{AB5E4081-0812-4E0D-92D4-E6DF904EA0A3}.Debug|x64.Build.0 = Debug|x64
		{AB5E4081-0812-4E0D-92D4-E6DF904EA0A3}.Release|Win32.ActiveCfg = Release|Win32
		{AB5E4081-0812-4E0D-92D4-E6DF904EA0A3}.Release|Win32.Build.0 = Release|Win32
		{AB5E4081-0812-4E0D-92D4-E6DF904EA0A3}.Release|x64.ActiveCfg = Release|x64
		{AB5E4081-0812-4E0D-92D4-E6DF904EA0A3}.Release|x64.Build.0 = Release|x64
		{16B94154-A936-458D-BC1A-99D2108FB0CF}.Debug|Win32.ActiveCfg = Debug|Win32
		{16B94154-A936-458D-BC1A-99D2108FB0CF}.Debug|Win32.Build.0 = Debug|Win32
		{16B94154-A936-458D-BC1A-99D2108FB0CF}.Debug|x64.ActiveCfg = Debug|x64
		{16B94154-A936-458D-BC1A-99D2108FB0CF}.Debug|x64.Build.0 = Debug|x64
		{16B94154-A936-458D-BC1A-99D2108FB0CF}.Release|Win32.ActiveCfg = Release|Win32
		{16B94154-A936-458D-BC1A-99D2108FB0CF}.Release|Win32.Build.0 = Release|Win32
		{16B94154-A936-458D-BC1A-99D2108FB0CF}.Release|x64.ActiveCfg = Release|x64
		{16B94154-A936-458D-BC1A-99D2108FB0CF}.Release|x64.Build.0 = Release|x64
		{E0E75ACA-6B63-45CF-89A1-81592F23CAA9}.Debug|Win32.ActiveCfg = Debug|Win32
		{E0E75ACA-6B63-45CF-89A1-81592F23CAA9}.Debug|Win32.Build.0 = Debug|Win32
		{E0E75ACA-6B63-45CF-89A1-81592F23CAA9}.Debug|x64.ActiveCfg = Debug|x64
		{E0E75ACA-6B63-45CF-89A1-81592F23CAA9}.Debug|x64.Build.0 = Debug|x64
		{E0E75ACA-6B63-45CF-89A1-81592F23CAA9}.Release|Win32.ActiveCfg = Release|Win32
		{E0E75ACA-6B63-45CF-89A1-81592F23CAA9}.Release|Win32.Build.0 = Release|Win32
		{E0E75ACA-6B63-45CF-89A1-81592F23CAA9}.Release|x64.ActiveCfg = Release|x64
		{E0E75ACA-6B63-45CF-89A1-81592F23CAA9}.Release|x64.Build.0 = Release|x64
		{6D245EC4-7B3C-4CB8-ABEE-9649F4F9B708}.Debug|Win32.ActiveCfg = Debug|Win32
		{6D245EC4-7B3C-4CB8-ABEE-9649F4F9B708}.Debug|Win32.Build.0 = Debug|Win32
		{6D245EC4-7B3C-4CB8-ABEE-9649F4F9B708}.Debug|x64.ActiveCfg = Debug|x64
		{6D245EC4-7B3C-4CB8-ABEE-9649F4F9B708}.Debug|x64.Build.0 = Debug|x64
		{6D245EC4-7B3C-4CB8-ABEE-9649F4F9B708}.Release|Win32.ActiveCfg = Release|Win32
		{6D245EC4-7B3C-4CB8-ABEE-9649F4F9B708}.Release|Win32.Build.0 = Release|Win32
		{6D245EC4-7B3C-4CB8-ABEE-9649F4F9B708}.Release|x64.ActiveCfg = Release|x64
		{6D245EC4-7B3C-4CB8-ABEE-9649F4F9B708}.Release|x64.Build.0 = Release|x64
		{A7F69E7E-86DE-4579-B7B1-3A2866451959}.Debug|Win32.ActiveCfg = Debug|Win32
		{A7F69E7E-86DE-4579-B7B1-3A2866451959}.Debug|Win32.Build.0 = Debug|Win32
		{A7F69E7E-86DE-4579-B7B1-3A2866451959}.Debug|x64.ActiveCfg = Debug|x64
		{A7F69E7E-86DE-4579-B7B1-3A2866451959}.Debug|x64.Build.0 = Debug|x64
		{A7F69E7E-86DE-4579-B7B1-3A2866451959}.Release|Win32.ActiveCfg = Release|Win32
		{A7F69E7E-86DE-4579-B7B1-3A2866451959}.Release|Win32.Build.0 = Release|Win32
		{A7F69E7E-86DE-4579-B7B1-3A2866451959}.Release|x64.ActiveCfg = Release|x64
		{A7F69E7E-86DE-4579-B7B1-3A2866451959}.Release|x64.Build.0 = Release|x64
		{8E80D556-DEA3-41BD-B7FC-1E71E471BFE9}.Debug|Win32.ActiveCfg = Debug|Win32
		{8E80D556-DEA3-41BD-B7FC-1E71E471BFE9}.Debug|Win32.Build.0 = Debug|Win32
		{8E80D556-DEA3-41BD-B7FC-1E71E471BFE9}.Debug|x64.ActiveCfg = Debug|x64
		{8E80D556-DEA3-41BD-B7FC-1E71E471BFE9}.Debug|x64.Build.0 = Debug|x64
		{8E80D556-DEA3-41BD-B7FC-1E71E471BFE9}.Release|Win32.ActiveCfg = Release|Win32
		{8E80D556-DEA3-41BD-B7FC-1E71E471BFE9}.Release|Win32.Build.0 = Release|Win32
		{8E80D556-DEA3-41BD-B7FC-1E71E471BFE9}.Release|x64.ActiveCfg = Release|x64
		{8E80D556-DEA3-41BD-B7FC-1E71E471BFE9}.Release|x64.Build.0 = Release|x64
		{AC76B7FE-5529-4D9B-A60F-1EB31E48F505}.Debug|Win32.ActiveCfg = Debug|Win32
		{AC76B7FE-5529-4D9B-A60F-1EB31E48F505}.Debug|Win32.Build.0 = Debug|Win32
		{AC76B7FE-5529-4D9B-A60F-1EB31E48F505}.Debug|x64.ActiveCfg = Debug|x64
		{AC76B7FE-5529-4D9B-A60F-1EB31E48F505}.Debug|x64.Build.0 = Debug|x64
		{AC76B7FE-5529-4D9B-A60F-1EB31E48F505}.Release|Win32.ActiveCfg = Release|Win32
		{AC76B7FE-5529-4D9B-A60F-1EB31E48F505}.Release|Win32.Build.0 = Release|Win32
		{AC76B7FE-5529-4D9B-A60F-1EB31E48F505}.Release|x64.ActiveCfg = Release|x64
		{AC76B7FE-5529-4D9B-A60F-1EB31E48F505}.Release|x64.Build.0 = Release|x64
		{CA53C516-6988-4C95-9349-E3882AFC1721}.Debug|Win32.ActiveCfg = Debug|Win32
		{CA53C516-6988-4C95-9349-E3882AFC1721}.Debug|Win32.Build.0 = Debug|Win32
		{CA53C516-6988-4C95-9349-E3882AFC1721}.Debug|x64.ActiveCfg = Debug|x64
		{CA53C516-6988-4C95-9349-E3882AFC1721}.Debug|x64.Build.0 = Debug|x64
		{CA53C516-6988-4C95-9349-E3882AFC1721}.Release|Win32.ActiveCfg = Release|Win32
		{CA53C516-6988-4C95-9349-E3882AFC1721}.Release|Win32.Build.0 = Release|Win32
		{CA53C516-6988-4C95-9349-E3882AFC1721}.Release|x64.ActiveCfg = Release|x64
		{CA53C516-6988-4C95-9349-E3882AFC1721}.Release|x64.Build.0 = Release|x64
		{EC048143-4992-4DC0-A7EF-313D6CCB4B76}.Debug|Win32.ActiveCfg = Debug|Win32
		{EC048143-4992-4DC0-A7EF-313D6CCB4B76}.Debug|Win32.Build.0 = Debug|Win32
		{EC048143-4992-4DC0-A7EF-313D6CCB4B76}.Debug|x64.ActiveCfg = Debug|x64
		{EC048143-4992-4DC0-A7EF-313D6CCB4B76}.Debug|x64.Build.0 = Debug|x64
		{EC048143-4992-4DC0-A7EF-313D6CCB4B76}.Release|Win32.ActiveCfg = Release|Win32
		{EC048143-4992-4DC0-A7EF-313D6CCB4B76}.Release|Win32.Build.0 = Release|Win32
		{EC048143-4992-4DC0-A7EF-313D6CCB4B76}.Release|x64.ActiveCfg = Release|x64
		{EC048143-4992-4DC0-A7EF-313D6CCB4B76}.Release|x64.Build.0 = Release|x64
		{6B5EC052-6D60-4594-B4E0-7CE76057E279}.Debug|Win32.ActiveCfg = Debug|Win32
		{6B5EC052-6D60-4594-B4E0-7CE76057E279}.Debug|Win32.Build.0 = Debug|Win32
		{6B5EC052-6D60-4594-B4E0-7CE76057E279}.Debug|x64.ActiveCfg = Debug|x64
		{6B5EC052-6D60-4594-B4E0-7CE76057E279}.Debug|x64.Build.0 = Debug|x64
		{6B5EC052-6D60-4594-B4E0-7CE76057E279}.Release|Win32.ActiveCfg = Release|Win32
		{6B5EC052-6D60-4594-B4E0-7CE76057E279}.Release|Win32.Build.0 = Release|Win32
		{6B5EC052-6D60-4594-B4E0-7CE76057E279}.Release|x64.ActiveCfg = Release|x64
		{6B5EC052-6D60-4594-B4E0-7CE76057E279}.Release|x64.Build.0 = Release|x64
		{E13C7762-2601-483E-AF50-948478A78F17}.Debug|Win32.ActiveCfg = Debug|Win32
		{E13C7762-2601-483E-AF50-948478A78F17}.Debug|Win32.Build.0 = Debug|Win32
		{E13C7762-2601-483E-AF50-948478A78F17}.Debug|x64.ActiveCfg = Debug|x64
		{E13C7762-2601-483E-AF50-948478A78F17}.Debug|x64.Build.0 = Debug|x64
		{E13C7762-2601-483E-AF50-948478A78F17}.Release|Win32.ActiveCfg = Release|Win32
		{E13C7762-2601-483E-AF50-948478A78F17}.Release|Win32.Build.0 = Release|Win32
		{E13C7762-2601-483E-AF50-948478A78F17}.Release|x64.ActiveCfg = Release|x64
		{E13C7762-2601-483E-AF50-948478A78F17}.Release|x64.Build.0 = Release|x64
		{F099DAA5-1509-40EC-B60C-0C501979B7CC}.Debug|Win32.ActiveCfg = Debug|Win32
		{F099DAA5-1509-40EC-B60C-0C501979B7CC}.Debug|Win32.Build.0 = Debug|Win32
		{F099DAA5-1509-40EC-B60C-0C501979B7CC}.Debug|x64.ActiveCfg = Debug|x64
		{F099DAA5-1509-40EC-B60C-0C501979B7CC}.Debug|x64.Build.0 = Debug|x64
		{F099DAA5-1509-40EC-B60C-0C501979B7CC}.Release|Win32.ActiveCfg = Release|Win32
		{F099DAA5-1509-40EC-B60C-0C501979B7CC}.Release|Win32.Build.0 = Release|Win32
		{F099DAA5-1509-40EC-B60C-0C501979B7CC}.Release|x64.ActiveCfg = Release|x64
		{F099DAA5-1509-40EC-B60C-0C501979B7CC}.Release|x64.Build.0 = Release|x64
		{3EFCE715-A535-40C5-93E6-7E9FC471F4F5}.Debug|Win32.ActiveCfg = Debug|Win32
		{3EFCE715-A535-40C5-93E6-7E9FC471F4F5}.Debug|Win32.Build.0 = Debug|Win32
		{3EFCE715-A535-40C5-93E6-7E9FC471F4F5}.Debug|x64.ActiveCfg = Debug|x64
		{3EFCE715-A535-40C5-93E6-7E9FC471F4F5}.Debug|x64.Build.0 = Debug|x64
		{3EFCE715-A535-40C5-93E6-7E9FC471F4F5}.Release|Win32.ActiveCfg = Release|Win32
		{3EFCE715-A535-40C5-93E6-7E9FC471F4F5}.Release|Win32.Build.0 = Release|Win32
		{3EFCE715-A535-40C5-93E6-7E9FC471F4F5}.Release|x64.ActiveCfg = Release|x64
		{3EFCE715-A535-40C5-93E6-7E9FC471F4F5}.Release|x64.Build.0 = Release|x64
		{2D039A67-5A92-4EF1-90BF-6467A87716EA}.Debug|Win32.ActiveCfg = Debug|Win32
		{2D039A67-5A92-4EF1-90BF-6467A87716EA}.Debug|Win32.Build.0 = Debug|Win32
		{2D039A67-5A92-4EF1-90BF-6467A87716EA}.Debug|x64.ActiveCfg = Debug|x64
		{2D039A67-5A92-4EF1-90BF-6467A87716EA}.Debug|x64.Build.0 = Debug|x64
		{2D039A67-5A92-4EF1-90BF-6467A87716EA}.Release|Win32.ActiveCfg = Release|Win32
		{2D039A67-5A92-4EF1-90BF-6467A87716EA}.Release|Win32.Build.0 = Release|Win32
		{2D039A67-5A92-4EF1-90BF-6467A87716EA}.Release|x64.ActiveCfg = Release|x64
		{2D039A67-5A92-4EF1-90BF-6467A87716EA}.Release|x64.Build.0 = Release|x64
		{24E87135-A5F8-4281-A39D-4BDB415681BB}.Debug|Win32.ActiveCfg = Debug|Win32
		{24E87135-A5F8-4281-A39D-4BDB415681BB}.Debug|Win32.Build.0 = Debug|Win32
		{24E87135-A5F8-4281-A39D-4BDB415681BB}.Debug|x64.ActiveCfg = Debug|x64
		{24E87135-A5F8-4281-A39D-4BDB415681BB}.Debug|x64.Build.0 = Debug|x64
		{24E87135-A5F8-4281-A39D-4BDB415681BB}.Release|Win32.ActiveCfg = Release|Win32
		{24E87135-A5F8-4281-A39D-4BDB415681BB}.Release|Win32.Build.0 = Release|Win32
		{24E87135-A5F8-4281-A39D-4BDB415681BB}.Release|x64.ActiveCfg = Release|x64
		{24E87135-A5F8-4281-A39D-4BDB415681BB}.Release|x64.Build.0 = Release|x64
		{683F452A-D0BB-4FB7-883C-1166D97A4C31}.Debug|Win32.ActiveCfg = Debug|Win32
		{683F452A-D0BB-4FB7-883C-1166D97A4C31}.Debug|Win32.Build.0 = Debug|Win32
		{683F452A-D0BB-4FB7-883C-1166D97A4C31}.Debug|x64.ActiveCfg = Debug|x64
		{683F452A-D0BB-4FB7-883C-1166D97A4C31}.Debug|x64.Build.0 = Debug|x64
		{683F452A-D0BB-4FB7-883C-1166D97A4C31}.Release|Win32.ActiveCfg = Release|Win32
		{683F452A-D0BB-4FB7-883C-1166D97A4C31}.Release|Win32.Build.0 = Release|Win32
		{683F452A-D0BB-4FB7-883C-1166D97A4C31}.Release|x64.ActiveCfg = Release|x64
		{683F452A-D0BB-4FB7-883C-1166D97A4C31}.Release|x64.Build.0 = Release|x64
		{73EA484A-6170-422F-818F-C2AF07430D4D}.Debug|Win32.ActiveCfg = Debug|Win32
		{73EA484A-6170-422F-818F-C2AF07430D4D}.Debug|Win32.Build.0 = Debug|Win32
		{73EA484A-6170-422F-818F-C2AF07430D4D}.Debug|x64.ActiveCfg = Debug|x64
		{73EA484A-6170-422F-818F-C2AF07430D4D}.Debug|x64.Build.0 = Debug|x64
		{73EA484A-6170-422F-818F-C2AF07430D4D}.Release|Win32.ActiveCfg = Release|Win32
		{73EA484A-6170-422F-818F-C2AF07430D4D}.Release|Win32.Build.0 = Release|Win32
		{73EA484A-6170-422F-818F-C2AF07430D4D}.Release|x64.ActiveCfg = Release|x64
		{73EA484A-6170-422F-818F-C2AF07430D4D}.Release|x64.Build.0 = Release|x64
		{F3D81458-B0EC-4332-8C39-38A06E195481}.Debug|Win32.ActiveCfg = Debug|Win32
		{F3D81458-B0EC-4332-8C39-38A06E195481}.Debug|Win32.Build.0 = Debug|Win32
		{F3D81458-B0EC-4332-8C39-38A06E195481}.Debug|x64.ActiveCfg = Debug|x64
		{F3D81458-B0EC-4332-8C39-38A06E195481}.Debug|x64.Build.0 = Debug|x64
		{F3D81458-B0EC-4332-8C39-38A06E195481}.Release|Win32.ActiveCfg = Release|Win32
		{F3D81458-B0EC-4332-8C39-38A06E195481}.Release|Win32.Build.0 = Release|Win32
		{F3D81458-B0EC-4332-8C39-38A06E195481}.Release|x64.ActiveCfg = Release|x64
		{F3D81458-B0EC-4332-8C39-38A06E195481}.Release|x64.Build.0 = Release|x64
		{183B26E5-FD02-4D35-ABB9-D7C351CD4CC9}.Debug|Win32.ActiveCfg = Debug|Win32
		{183B26E5-FD02-4D35-ABB9-D7C351CD4CC9}.Debug|Win32.Build.0 = Debug|Win32
		{183B26E5-FD02-4D35-ABB9-D7C351CD4CC9}.Debug|x64.ActiveCfg = Debug|x64
		{183B26E5-FD02-4D35-ABB9-D7C351CD4CC9}.Debug|x64.Build.0 = Debug|x64
		{183B26E5-FD02-4D35-ABB9-D7C351CD4CC9}.Release|Win32.ActiveCfg = Release|Win32
		{183B26E5-FD02-4D35-ABB9-D7C351CD4CC9}.Release|Win32.Build.0 = Release|Win32
		{183B26E5-FD02-4D35-ABB9-D7C351CD4CC9}.Release|x64.ActiveCfg = Release|x64
		{183B26E5-FD02-4D35-ABB9-D7C351CD4CC9}.Release|x64.Build.0 = Release|x64
		{CB50B29A-D3CD-4E84-BF2E-9225D9FA6984}.Debug|Win32.ActiveCfg = Debug|Win32
		{CB50B29A-D3CD-4E84-BF2E-9225D9FA6984}.Debug|Win32.Build.0 = Debug|Win32
		{CB50B29A-D3CD-4E84-BF2E-9225D9FA6984}.Debug|x64.ActiveCfg = Debug|x64
		{CB50B29A-D3CD-4E84-BF2E-9225D9FA6984}.Debug|x64.Build.0 = Debug|x64
		{CB50B29A-D3CD-4E84-BF2E-9225D9FA6984}.Release|Win32.ActiveCfg = Release|Win32
		{CB50B29A-D3CD-4E84-BF2E-9225D9FA6984}.Release|Win32.Build.0 = Release|Win32
		{CB50B29A-D3CD-4E84-BF2E-9225D9FA6984}.Release|x64.ActiveCfg = Release|x64
		{CB50B29A-D3CD-4E84-BF2E-9225D9FA6984}.Release|x64.Build.0 = Release|x64
		{69F34D61-29D6-4C4E-BF1F-21D3DE8C1A0A}.Debug|Win32.ActiveCfg = Debug|Win32
		{69F34D61-29D6-4C4E-BF1F-21D3DE8C1A0A}.Debug|Win32.Build.0 = Debug|Win32
		{69F34D61-29D6-4C4E-BF1F-21D3DE8C1A0A}.Debug|x64.ActiveCfg = Debug|x64
		{69F34D61-29D6-4C4E-BF1F-21D3DE8C1A0A}.Debug|x64.Build.0 = Debug|x64
		{69F34D61-29D6-4C4E-BF1F-21D3DE8C1A0A}.Release|Win32.ActiveCfg = Release|Win32
		{69F34D61-29D6-4C4E-BF1F-21D3DE8C1A0A}.Release|Win32.Build.0 = Release|Win32
		{69F34D61-29D6-4C4E-BF1F-21D3DE8C1A0A}.Release|x64.ActiveCfg = Release|x64
		{69F34D61-29D6-4C4E-BF1F-21D3DE8C1A0A}.Release|x64.Build.0 = Release|x64
		{55916265-C4B9-4F01-822E-14A17A994851}.Debug|Win32.ActiveCfg = Debug|Win32
		{55916265-C4B9-4F01-822E-14A17A994851}.Debug|Win32.Build.0 = Debug|Win32
		{55916265-C4B9-4F01-822E-14A17A994851}.Debug|x64.ActiveCfg = Debug|x64
		{55916265-C4B9-4F01-822E-14A17A994851}.Debug|x64.Build.0 = Debug|x64
		{55916265-C4B9-4F01-822E-14A17A994851}.Release|Win32.ActiveCfg = Release|Win32
		{55916265-C4B9-4F01-822E-14A17A994851}.Release|Win32.Build.0 = Release|Win32
		{55916265-C4B9-4F01-822E-14A17A994851}.Release|x64.ActiveCfg = Release|x64
		{55916265-C4B9-4F01-822E-14A17A994851}.Release|x64.Build.0 = Release|x64
		{1F13BCE5-E5CB-4F07-97C5-A10B20C53D40}.Debug|Win32.ActiveCfg = Debug|Win32
		{1F13BCE5-E5CB-4F07-97C5-A10B20C53D40}.Debug|Win32.Build.0 = Debug|Win32
		{1F13BCE5-E5CB-4F07-97C5-A10B20C53D40}.Debug|x64.ActiveCfg = Debug|x64
		{1F13BCE5-E5CB-4F07-97C5-A10B20C53D40}.Debug|x64.Build.0 = Debug|x64
		{1F13BCE5-E5CB-4F07-97C5-A10B20C53D40}.Release|Win32.ActiveCfg = Release|Win32
		{1F13BCE5-E5CB-4F07-97C5-A10B20C53D40}.Release|Win32.Build.0 = Release|Win32
		{1F13BCE5-E5CB-4F07-97C5-A10B20C53D40}.Release|x64.ActiveCfg = Release|x64
		{1F13BCE5-E5CB-4F07-97C5-A10B20C53D40}.Release|x64.Build.0 = Release|x64
		{BF7DFEF6-9386-4A40-9BAA-01FBC26EC255}.Debug|Win32.ActiveCfg = Debug|Win32
		{BF7DFEF6-9386-4A40-9BAA-01FBC26EC255}.Debug|Win32.Build.0 = Debug|Win32
		{BF7DFEF6-9386-4A40-9BAA-01FBC26EC255}.Debug|x64.ActiveCfg = Debug|x64
		{BF7DFEF6-9386-4A40-9BAA-01FBC26EC255}.Debug|x64.Build.0 = Debug|x64
		{BF7DFEF6-9386-4A40-9BAA-01FBC26EC255}.Release|Win32.ActiveCfg = Release|Win32
		{BF7DFEF6-9386-4A40-9BAA-01FBC26EC255}.Release|Win32.Build.0 = Release|Win32
		{BF7DFEF6-9386-4A40-9BAA-01FBC26EC255}.Release|x64.ActiveCfg = Release|x64
		{BF7DFEF6-9386-4A40-9BAA-01FBC26EC255}.Release|x64.Build.0 = Release|x64
		{38BCD058-15B2-462A-BF48-F3169A427DA9}.Debug|Win32.ActiveCfg = Debug|Win32
		{38BCD058-15B2-462A-BF48-F3169A427DA9}.Debug|Win32.Build.0 = Debug|Win32
		{38BCD058-15B2-462A-BF48-F3169A427DA9}.Debug|x64.ActiveCfg = Debug|x64
		{38BCD058-15B2-462A-BF48-F3169A427DA9}.Debug|x64.Build.0 = Debug|x64
		{38BCD058-15B2-462A-BF48-F3169A427DA9}.Release|Win32.ActiveCfg = Release|Win32
		{38BCD058-15B2-462A-BF48-F3169A427DA9}.Release|Win32.Build.0 = Release|Win32
		{38BCD058-15B2-462A-BF48-F3169A427DA9}.Release|x64.ActiveCfg = Release|x64
		{38BCD058-15B2-462A-BF48-F3169A427DA9}.Release|x64.Build.0 = Release|x64
		{9081D513-2FAD-40B9-9258-79F7AC871642}.Debug|Win32.ActiveCfg = Debug|Win32
		{9081D513-2FAD-40B9-9258-79F7AC871642}.Debug|Win32.Build.0 = Debug|Win32
		{9081D513-2FAD-40B9-9258-79F7AC871642}.Debug|x64.ActiveCfg = Debug|x64
		{9081D513-2FAD-40B9-9258-79F7AC871642}.Debug|x64.Build.0 = Debug|x64
		{9081D513-2FAD-40B9-9258-79F7AC871642}.Release|Win32.ActiveCfg = Release|Win32
		{9081D513-2FAD-40B9-9258-79F7AC871642}.Release|Win32.Build.0 = Release|Win32
		{9081D513-2FAD-40B9-9258-79F7AC871642}.Release|x64.ActiveCfg = Release|x64
		{9081D513-2FAD-40B9-9258-79F7AC871642}.Release|x64.Build.0 = Release|x64
		{FEE4AD8F-42C4-4181-9143-C3FAEEDC0C7B}.Debug|Win32.ActiveCfg = Debug|Win32
		{FEE4AD8F-42C4-4181-9143-C3FAEEDC0C7B}.Debug|Win32.Build.0 = Debug|Win32
		{FEE4AD8F-42C4-4181-9143-C3FAEEDC0C7B}.Debug|x64.ActiveCfg = Debug|x64
		{FEE4AD8F-42C4-4181-9143-C3FAEEDC0C7B}.Debug|x64.Build.0 = Debug|x64
		{FEE4AD8F-42C4-4181-9143-C3FAEEDC0C7B}.Release|Win32.ActiveCfg = Release|Win32
		{FEE4AD8F-42C4-4181-9143-C3FAEEDC0C7B}.Release|Win32.Build.0 = Release|Win32
		{FEE4AD8F-42C4-4181-9143-C3FAEEDC0C7B}.Release|x64.ActiveCfg = Release|x64
		{FEE4AD8F-42C4-4181-9143-C3FAEEDC0C7B}.Release|x64.Build.0 = Release|x64
		{B8E298A3-321F-4AE7-B0F4-3DDEEAC3C654}.Debug|Win32.ActiveCfg = Debug|Win32
		{B8E298A3-321F-4AE7-B0F4-3DDEEAC3C654}.Debug|Win32.Build.0 = Debug|Win32
		{B8E298A3-321F-4AE7-B0F4-3DDEEAC3C654}.Debug|x64.ActiveCfg = Debug|x64
		{B8E298A3-321F-4AE7-B0F4-3DDEEAC3C654}.Debug|x64.Build.0 = Debug|x64
		{B8E298A3-321F-4AE7-B0F4-3DDEEAC3C654}.Release|Win32.ActiveCfg = Release|Win32
		{B8E298A3-321F-4AE7-B0F4-3DDEEAC3C654}.Release|Win32.Build.0 = Release|Win32
		{B8E298A3-321F-4AE7-B0F4-3DDEEAC3C654}.Release|x64.ActiveCfg = Release|x64
		{B8E298A3-321F-4AE7-B0F4-3DDEEAC3C654}.Release|x64.Build.0 = Release|x64
		{A2FA326E-9D8E-4F55-AB8F-D9EC4656CE25}.Debug|Win32.ActiveCfg = Debug|Win32
		{A2FA326E-9D8E-4F55-AB8F-D9EC4656CE25}.Debug|Win32.Build.0 = Debug|Win32
		{A2FA326E-9D8E-4F55-AB8F-D9EC4656CE25}.Debug|x64.ActiveCfg = Debug|x64
		{A2FA326E-9D8E-4F55-AB8F-D9EC4656CE25}.Debug|x64.Build.0 = Debug|x64
		{A2FA326E-9D8E-4F55-AB8F-D9EC4656CE25}.Release|Win32.ActiveCfg = Release|Win32
		{A2FA326E-9D8E-4F55-AB8F-D9EC4656CE25}.Release|Win32.Build.0 = Release|Win32
		{A2FA326E-9D8E-4F55-AB8F-D9EC4656CE25}.Release|x64.ActiveCfg = Release|x64
		{A2FA326E-9D8E-4F55-AB8F-D9EC4656CE25}.Release|x64.Build.0 = Release|x64
		{93AF5816-5F8B-41D7-AC5F-5FFEDEEE5D81}.Debug|Win32.ActiveCfg = Debug|Win32
		{93AF5816-5F8B-41D7-AC5F-5FFEDEEE5D81}.Debug|Win32.Build.0 = Debug|Win32
		{93AF5816-5F8B-41D7-AC5F-5FFEDEEE5D81}.Debug|x64.ActiveCfg = Debug|x64
		{93AF5816-5F8B-41D7-AC5F-5FFEDEEE5D81}.Debug|x64.Build.0 = Debug|x64
		{93AF5816-5F8B-41D7-AC5F-5FFEDEEE5D81}.Release|Win32.ActiveCfg = Release|Win32
		{93AF5816-5F8B-41D7-AC5F-5FFEDEEE5D81}.Release|Win32.Build.0 = Release|Win32
		{93AF5816-5F8B-41D7-AC5F-5FFEDEEE5D81}.Release|x64.ActiveCfg = Release|x64
		{93AF5816-5F8B-41D7-AC5F-5FFEDEEE5D81}.Release|x64.Build.0 = Release|x64
		{1F866338-2377-4C88-B459-CD67D51CB8C6}.Debug|Win32.ActiveCfg = Debug|Win32
		{1F866338-2377-4C88-B459-CD67D51CB8C6}.Debug|Win32.Build.0 = Debug|Win32
		{1F866338-2377-4C88-B459-CD67D51CB8C6}.Debug|x64.ActiveCfg = Debug|x64
		{1F866338-2377-4C88-B459-CD67D51CB8C6}.Debug|x64.Build.0 = Debug|x64
		{1F866338-2377-4C88-B459-CD67D51CB8C6}.Release|Win32.ActiveCfg = Release|Win32
		{1F866338-2377-4C88-B459-CD67D51CB8C6}.Release|Win32.Build.0 = Release|Win32
		{1F866338-2377-4C88-B459-CD67D51CB8C6}.Release|x64.ActiveCfg = Release|x64
		{1F866338-2377-4C88-B459-CD67D51CB8C6}.Release|x64.Build.0 = Release|x64
		{46D1CD20-9258-4966-9121-ED7905868BAE}.Debug|Win32.ActiveCfg = Debug|Win32
		{46D1CD20-9258-4966-9121-ED7905868BAE}.Debug|Win32.Build.0 = Debug|Win32
		{46D1CD20-9258-4966-9121-ED7905868BAE}.Debug|x64.ActiveCfg = Debug|x64
		{46D1CD20-9258-4966-9121-ED7905868BAE}.Debug|x64.Build.0 = Debug|x64
		{46D1CD20-9258-4966-9121-ED7905868BAE}.Release|Win32.ActiveCfg = Release|Win32
		{46D1CD20-9258-4966-9121-ED7905868BAE}.Release|Win32.Build.0 = Release|Win32
		{46D1CD20-9258-4966-9121-ED7905868BAE}.Release|x64.ActiveCfg = Release|x64
		{46D1CD20-9258-4966-9121-ED7905868BAE}.Release|x64.Build.0 = Release|x64
		{8FF0391D-5B73-431F-9C3A-9ACEA6BDD1A4}.Debug|Win32.ActiveCfg = Debug|Win32
		{8FF0391D-5B73-431F-9C3A-9ACEA6BDD1A4}.Debug|Win32.Build.0 = Debug|Win32
		{8FF0391D-5B73-431F-9C3A-9ACEA6BDD1A4}.Debug|x64.ActiveCfg = Debug|x64
		{8FF0391D-5B73-431F-9C3A-9ACEA6BDD1A4}.Debug|x64.Build.0 = Debug|x64
		{8FF0391D-5B73-431F-9C3A-9ACEA6BDD1A4}.Release|Win32.ActiveCfg = Release|Win32
		{8FF0391D-5B73-431F-9C3A-9ACEA6BDD1A4}.Release|Win32.Build.0 = Release|Win32
		{8FF0391D-5B73-431F-9C3A-9ACEA6BDD1A4}.Release|x64.ActiveCfg = Release|x64
		{8FF0391D-5B73-431F-9C3A-9ACEA6BDD1A4}.Release|x64.Build.0 = Release|x64
	EndGlobalSection
	GlobalSection(SolutionProperties) = preSolution
		HideSolutionNode = FALSE
	EndGlobalSection
EndGlobal
